// !$*UTF8*$!
{
	archiveVersion = 1;
	classes = {
	};
	objectVersion = 55;
	objects = {

/* Begin PBXBuildFile section */
		A7E919FC28A3AB2100FE4DD2 /* BMI_MeApp.swift in Sources */ = {isa = PBXBuildFile; fileRef = A7E919FB28A3AB2100FE4DD2 /* BMI_MeApp.swift */; };
		A7E91A0028A3AB2200FE4DD2 /* Assets.xcassets in Resources */ = {isa = PBXBuildFile; fileRef = A7E919FF28A3AB2200FE4DD2 /* Assets.xcassets */; };
		A7E91A0328A3AB2200FE4DD2 /* Preview Assets.xcassets in Resources */ = {isa = PBXBuildFile; fileRef = A7E91A0228A3AB2200FE4DD2 /* Preview Assets.xcassets */; };
		A7E91A0D28A3AD0000FE4DD2 /* ResultsView.swift in Sources */ = {isa = PBXBuildFile; fileRef = A7E91A0C28A3AD0000FE4DD2 /* ResultsView.swift */; };
		A7E91A0F28A3B4E900FE4DD2 /* HomeView.swift in Sources */ = {isa = PBXBuildFile; fileRef = A7E91A0E28A3B4E900FE4DD2 /* HomeView.swift */; };
		A7E91A1128A3B52B00FE4DD2 /* CalculateView.swift in Sources */ = {isa = PBXBuildFile; fileRef = A7E91A1028A3B52B00FE4DD2 /* CalculateView.swift */; };
		A7E91A1328A3BA9E00FE4DD2 /* Constants.swift in Sources */ = {isa = PBXBuildFile; fileRef = A7E91A1228A3BA9E00FE4DD2 /* Constants.swift */; };
		A7E91A1D28A534E200FE4DD2 /* CustomButton.swift in Sources */ = {isa = PBXBuildFile; fileRef = A7E91A1C28A534E200FE4DD2 /* CustomButton.swift */; };
/* End PBXBuildFile section */

/* Begin PBXFileReference section */
		A7E919F828A3AB2100FE4DD2 /* BMI Me.app */ = {isa = PBXFileReference; explicitFileType = wrapper.application; includeInIndex = 0; path = "BMI Me.app"; sourceTree = BUILT_PRODUCTS_DIR; };
		A7E919FB28A3AB2100FE4DD2 /* BMI_MeApp.swift */ = {isa = PBXFileReference; lastKnownFileType = sourcecode.swift; path = BMI_MeApp.swift; sourceTree = "<group>"; };
		A7E919FF28A3AB2200FE4DD2 /* Assets.xcassets */ = {isa = PBXFileReference; lastKnownFileType = folder.assetcatalog; path = Assets.xcassets; sourceTree = "<group>"; };
		A7E91A0228A3AB2200FE4DD2 /* Preview Assets.xcassets */ = {isa = PBXFileReference; lastKnownFileType = folder.assetcatalog; path = "Preview Assets.xcassets"; sourceTree = "<group>"; };
		A7E91A0C28A3AD0000FE4DD2 /* ResultsView.swift */ = {isa = PBXFileReference; lastKnownFileType = sourcecode.swift; path = ResultsView.swift; sourceTree = "<group>"; };
		A7E91A0E28A3B4E900FE4DD2 /* HomeView.swift */ = {isa = PBXFileReference; lastKnownFileType = sourcecode.swift; path = HomeView.swift; sourceTree = "<group>"; };
		A7E91A1028A3B52B00FE4DD2 /* CalculateView.swift */ = {isa = PBXFileReference; lastKnownFileType = sourcecode.swift; path = CalculateView.swift; sourceTree = "<group>"; };
		A7E91A1228A3BA9E00FE4DD2 /* Constants.swift */ = {isa = PBXFileReference; lastKnownFileType = sourcecode.swift; path = Constants.swift; sourceTree = "<group>"; };
		A7E91A1C28A534E200FE4DD2 /* CustomButton.swift */ = {isa = PBXFileReference; lastKnownFileType = sourcecode.swift; path = CustomButton.swift; sourceTree = "<group>"; };
/* End PBXFileReference section */

/* Begin PBXFrameworksBuildPhase section */
		A7E919F528A3AB2100FE4DD2 /* Frameworks */ = {
			isa = PBXFrameworksBuildPhase;
			buildActionMask = 2147483647;
			files = (
			);
			runOnlyForDeploymentPostprocessing = 0;
		};
/* End PBXFrameworksBuildPhase section */

/* Begin PBXGroup section */
		A7DC09E828A9305C0007BE19 /* Buttons */ = {
			isa = PBXGroup;
			children = (
				A7E91A1C28A534E200FE4DD2 /* CustomButton.swift */,
			);
			path = Buttons;
			sourceTree = "<group>";
		};
		A7E919EF28A3AB2100FE4DD2 = {
			isa = PBXGroup;
			children = (
				A7E919FA28A3AB2100FE4DD2 /* BMI Me */,
				A7E919F928A3AB2100FE4DD2 /* Products */,
			);
			sourceTree = "<group>";
		};
		A7E919F928A3AB2100FE4DD2 /* Products */ = {
			isa = PBXGroup;
			children = (
				A7E919F828A3AB2100FE4DD2 /* BMI Me.app */,
			);
			name = Products;
			sourceTree = "<group>";
		};
		A7E919FA28A3AB2100FE4DD2 /* BMI Me */ = {
			isa = PBXGroup;
			children = (
				A7E919FB28A3AB2100FE4DD2 /* BMI_MeApp.swift */,
				A7E91A1228A3BA9E00FE4DD2 /* Constants.swift */,
				A7E91A0A28A3ACA700FE4DD2 /* View */,
				A7E91A0928A3AC9E00FE4DD2 /* Model */,
				A7E919FF28A3AB2200FE4DD2 /* Assets.xcassets */,
				A7E91A0128A3AB2200FE4DD2 /* Preview Content */,
			);
			path = "BMI Me";
			sourceTree = "<group>";
		};
		A7E91A0128A3AB2200FE4DD2 /* Preview Content */ = {
			isa = PBXGroup;
			children = (
				A7E91A0228A3AB2200FE4DD2 /* Preview Assets.xcassets */,
			);
			path = "Preview Content";
			sourceTree = "<group>";
		};
		A7E91A0928A3AC9E00FE4DD2 /* Model */ = {
			isa = PBXGroup;
			children = (
			);
			path = Model;
			sourceTree = "<group>";
		};
		A7E91A0A28A3ACA700FE4DD2 /* View */ = {
			isa = PBXGroup;
			children = (
				A7DC09E828A9305C0007BE19 /* Buttons */,
				A7E91A1028A3B52B00FE4DD2 /* CalculateView.swift */,
				A7E91A0E28A3B4E900FE4DD2 /* HomeView.swift */,
				A7E91A0C28A3AD0000FE4DD2 /* ResultsView.swift */,
			);
			path = View;
			sourceTree = "<group>";
		};
/* End PBXGroup section */

/* Begin PBXNativeTarget section */
		A7E919F728A3AB2100FE4DD2 /* BMI Me */ = {
			isa = PBXNativeTarget;
			buildConfigurationList = A7E91A0628A3AB2200FE4DD2 /* Build configuration list for PBXNativeTarget "BMI Me" */;
			buildPhases = (
				A7E919F428A3AB2100FE4DD2 /* Sources */,
				A7E919F528A3AB2100FE4DD2 /* Frameworks */,
				A7E919F628A3AB2100FE4DD2 /* Resources */,
			);
			buildRules = (
			);
			dependencies = (
			);
			name = "BMI Me";
			productName = "BMI Me";
			productReference = A7E919F828A3AB2100FE4DD2 /* BMI Me.app */;
			productType = "com.apple.product-type.application";
		};
/* End PBXNativeTarget section */

/* Begin PBXProject section */
		A7E919F028A3AB2100FE4DD2 /* Project object */ = {
			isa = PBXProject;
			attributes = {
				BuildIndependentTargetsInParallel = 1;
				LastSwiftUpdateCheck = 1340;
				LastUpgradeCheck = 1340;
				TargetAttributes = {
					A7E919F728A3AB2100FE4DD2 = {
						CreatedOnToolsVersion = 13.4;
					};
				};
			};
			buildConfigurationList = A7E919F328A3AB2100FE4DD2 /* Build configuration list for PBXProject "BMI Me" */;
			compatibilityVersion = "Xcode 13.0";
			developmentRegion = en;
			hasScannedForEncodings = 0;
			knownRegions = (
				en,
				Base,
			);
			mainGroup = A7E919EF28A3AB2100FE4DD2;
			productRefGroup = A7E919F928A3AB2100FE4DD2 /* Products */;
			projectDirPath = "";
			projectRoot = "";
			targets = (
				A7E919F728A3AB2100FE4DD2 /* BMI Me */,
			);
		};
/* End PBXProject section */

/* Begin PBXResourcesBuildPhase section */
		A7E919F628A3AB2100FE4DD2 /* Resources */ = {
			isa = PBXResourcesBuildPhase;
			buildActionMask = 2147483647;
			files = (
				A7E91A0328A3AB2200FE4DD2 /* Preview Assets.xcassets in Resources */,
				A7E91A0028A3AB2200FE4DD2 /* Assets.xcassets in Resources */,
			);
			runOnlyForDeploymentPostprocessing = 0;
		};
/* End PBXResourcesBuildPhase section */

/* Begin PBXSourcesBuildPhase section */
		A7E919F428A3AB2100FE4DD2 /* Sources */ = {
			isa = PBXSourcesBuildPhase;
			buildActionMask = 2147483647;
			files = (
				A7E91A1328A3BA9E00FE4DD2 /* Constants.swift in Sources */,
				A7E91A0F28A3B4E900FE4DD2 /* HomeView.swift in Sources */,
				A7E91A1D28A534E200FE4DD2 /* CustomButton.swift in Sources */,
				A7E91A0D28A3AD0000FE4DD2 /* ResultsView.swift in Sources */,
				A7E919FC28A3AB2100FE4DD2 /* BMI_MeApp.swift in Sources */,
				A7E91A1128A3B52B00FE4DD2 /* CalculateView.swift in Sources */,
			);
			runOnlyForDeploymentPostprocessing = 0;
		};
/* End PBXSourcesBuildPhase section */

/* Begin XCBuildConfiguration section */
		A7E91A0428A3AB2200FE4DD2 /* Debug */ = {
			isa = XCBuildConfiguration;
			buildSettings = {
				ALWAYS_SEARCH_USER_PATHS = NO;
				CLANG_ANALYZER_NONNULL = YES;
				CLANG_ANALYZER_NUMBER_OBJECT_CONVERSION = YES_AGGRESSIVE;
				CLANG_CXX_LANGUAGE_STANDARD = "gnu++17";
				CLANG_ENABLE_MODULES = YES;
				CLANG_ENABLE_OBJC_ARC = YES;
				CLANG_ENABLE_OBJC_WEAK = YES;
				CLANG_WARN_BLOCK_CAPTURE_AUTORELEASING = YES;
				CLANG_WARN_BOOL_CONVERSION = YES;
				CLANG_WARN_COMMA = YES;
				CLANG_WARN_CONSTANT_CONVERSION = YES;
				CLANG_WARN_DEPRECATED_OBJC_IMPLEMENTATIONS = YES;
				CLANG_WARN_DIRECT_OBJC_ISA_USAGE = YES_ERROR;
				CLANG_WARN_DOCUMENTATION_COMMENTS = YES;
				CLANG_WARN_EMPTY_BODY = YES;
				CLANG_WARN_ENUM_CONVERSION = YES;
				CLANG_WARN_INFINITE_RECURSION = YES;
				CLANG_WARN_INT_CONVERSION = YES;
				CLANG_WARN_NON_LITERAL_NULL_CONVERSION = YES;
				CLANG_WARN_OBJC_IMPLICIT_RETAIN_SELF = YES;
				CLANG_WARN_OBJC_LITERAL_CONVERSION = YES;
				CLANG_WARN_OBJC_ROOT_CLASS = YES_ERROR;
				CLANG_WARN_QUOTED_INCLUDE_IN_FRAMEWORK_HEADER = YES;
				CLANG_WARN_RANGE_LOOP_ANALYSIS = YES;
				CLANG_WARN_STRICT_PROTOTYPES = YES;
				CLANG_WARN_SUSPICIOUS_MOVE = YES;
				CLANG_WARN_UNGUARDED_AVAILABILITY = YES_AGGRESSIVE;
				CLANG_WARN_UNREACHABLE_CODE = YES;
				CLANG_WARN__DUPLICATE_METHOD_MATCH = YES;
				COPY_PHASE_STRIP = NO;
				DEBUG_INFORMATION_FORMAT = dwarf;
				ENABLE_STRICT_OBJC_MSGSEND = YES;
				ENABLE_TESTABILITY = YES;
				GCC_C_LANGUAGE_STANDARD = gnu11;
				GCC_DYNAMIC_NO_PIC = NO;
				GCC_NO_COMMON_BLOCKS = YES;
				GCC_OPTIMIZATION_LEVEL = 0;
				GCC_PREPROCESSOR_DEFINITIONS = (
					"DEBUG=1",
					"$(inherited)",
				);
				GCC_WARN_64_TO_32_BIT_CONVERSION = YES;
				GCC_WARN_ABOUT_RETURN_TYPE = YES_ERROR;
				GCC_WARN_UNDECLARED_SELECTOR = YES;
				GCC_WARN_UNINITIALIZED_AUTOS = YES_AGGRESSIVE;
				GCC_WARN_UNUSED_FUNCTION = YES;
				GCC_WARN_UNUSED_VARIABLE = YES;
				IPHONEOS_DEPLOYMENT_TARGET = 15.5;
				MTL_ENABLE_DEBUG_INFO = INCLUDE_SOURCE;
				MTL_FAST_MATH = YES;
				ONLY_ACTIVE_ARCH = YES;
				SDKROOT = iphoneos;
				SWIFT_ACTIVE_COMPILATION_CONDITIONS = DEBUG;
				SWIFT_OPTIMIZATION_LEVEL = "-Onone";
			};
			name = Debug;
		};
		A7E91A0528A3AB2200FE4DD2 /* Release */ = {
			isa = XCBuildConfiguration;
			buildSettings = {
				ALWAYS_SEARCH_USER_PATHS = NO;
				CLANG_ANALYZER_NONNULL = YES;
				CLANG_ANALYZER_NUMBER_OBJECT_CONVERSION = YES_AGGRESSIVE;
				CLANG_CXX_LANGUAGE_STANDARD = "gnu++17";
				CLANG_ENABLE_MODULES = YES;
				CLANG_ENABLE_OBJC_ARC = YES;
				CLANG_ENABLE_OBJC_WEAK = YES;
				CLANG_WARN_BLOCK_CAPTURE_AUTORELEASING = YES;
				CLANG_WARN_BOOL_CONVERSION = YES;
				CLANG_WARN_COMMA = YES;
				CLANG_WARN_CONSTANT_CONVERSION = YES;
				CLANG_WARN_DEPRECATED_OBJC_IMPLEMENTATIONS = YES;
				CLANG_WARN_DIRECT_OBJC_ISA_USAGE = YES_ERROR;
				CLANG_WARN_DOCUMENTATION_COMMENTS = YES;
				CLANG_WARN_EMPTY_BODY = YES;
				CLANG_WARN_ENUM_CONVERSION = YES;
				CLANG_WARN_INFINITE_RECURSION = YES;
				CLANG_WARN_INT_CONVERSION = YES;
				CLANG_WARN_NON_LITERAL_NULL_CONVERSION = YES;
				CLANG_WARN_OBJC_IMPLICIT_RETAIN_SELF = YES;
				CLANG_WARN_OBJC_LITERAL_CONVERSION = YES;
				CLANG_WARN_OBJC_ROOT_CLASS = YES_ERROR;
				CLANG_WARN_QUOTED_INCLUDE_IN_FRAMEWORK_HEADER = YES;
				CLANG_WARN_RANGE_LOOP_ANALYSIS = YES;
				CLANG_WARN_STRICT_PROTOTYPES = YES;
				CLANG_WARN_SUSPICIOUS_MOVE = YES;
				CLANG_WARN_UNGUARDED_AVAILABILITY = YES_AGGRESSIVE;
				CLANG_WARN_UNREACHABLE_CODE = YES;
				CLANG_WARN__DUPLICATE_METHOD_MATCH = YES;
				COPY_PHASE_STRIP = NO;
				DEBUG_INFORMATION_FORMAT = "dwarf-with-dsym";
				ENABLE_NS_ASSERTIONS = NO;
				ENABLE_STRICT_OBJC_MSGSEND = YES;
				GCC_C_LANGUAGE_STANDARD = gnu11;
				GCC_NO_COMMON_BLOCKS = YES;
				GCC_WARN_64_TO_32_BIT_CONVERSION = YES;
				GCC_WARN_ABOUT_RETURN_TYPE = YES_ERROR;
				GCC_WARN_UNDECLARED_SELECTOR = YES;
				GCC_WARN_UNINITIALIZED_AUTOS = YES_AGGRESSIVE;
				GCC_WARN_UNUSED_FUNCTION = YES;
				GCC_WARN_UNUSED_VARIABLE = YES;
				IPHONEOS_DEPLOYMENT_TARGET = 15.5;
				MTL_ENABLE_DEBUG_INFO = NO;
				MTL_FAST_MATH = YES;
				SDKROOT = iphoneos;
				SWIFT_COMPILATION_MODE = wholemodule;
				SWIFT_OPTIMIZATION_LEVEL = "-O";
				VALIDATE_PRODUCT = YES;
			};
			name = Release;
		};
		A7E91A0728A3AB2200FE4DD2 /* Debug */ = {
			isa = XCBuildConfiguration;
			buildSettings = {
				ASSETCATALOG_COMPILER_APPICON_NAME = AppIcon;
				ASSETCATALOG_COMPILER_GLOBAL_ACCENT_COLOR_NAME = AccentColor;
				CODE_SIGN_STYLE = Automatic;
				CURRENT_PROJECT_VERSION = 1;
				DEVELOPMENT_ASSET_PATHS = "\"BMI Me/Preview Content\"";
				DEVELOPMENT_TEAM = 6Y7VSJ5XSR;
				ENABLE_PREVIEWS = YES;
				GENERATE_INFOPLIST_FILE = YES;
				INFOPLIST_KEY_UIApplicationSceneManifest_Generation = YES;
				INFOPLIST_KEY_UIApplicationSupportsIndirectInputEvents = YES;
				INFOPLIST_KEY_UILaunchScreen_Generation = YES;
				INFOPLIST_KEY_UISupportedInterfaceOrientations_iPad = "UIInterfaceOrientationPortrait UIInterfaceOrientationPortraitUpsideDown UIInterfaceOrientationLandscapeLeft UIInterfaceOrientationLandscapeRight";
				INFOPLIST_KEY_UISupportedInterfaceOrientations_iPhone = "UIInterfaceOrientationPortrait UIInterfaceOrientationLandscapeLeft UIInterfaceOrientationLandscapeRight";
				LD_RUNPATH_SEARCH_PATHS = (
					"$(inherited)",
					"@executable_path/Frameworks",
				);
				MARKETING_VERSION = 1.0;
				PRODUCT_BUNDLE_IDENTIFIER = "jonathanvieri.BMI-Me";
				PRODUCT_NAME = "$(TARGET_NAME)";
				SWIFT_EMIT_LOC_STRINGS = YES;
				SWIFT_VERSION = 5.0;
				TARGETED_DEVICE_FAMILY = "1,2";
			};
			name = Debug;
		};
		A7E91A0828A3AB2200FE4DD2 /* Release */ = {
			isa = XCBuildConfiguration;
			buildSettings = {
				ASSETCATALOG_COMPILER_APPICON_NAME = AppIcon;
				ASSETCATALOG_COMPILER_GLOBAL_ACCENT_COLOR_NAME = AccentColor;
				CODE_SIGN_STYLE = Automatic;
				CURRENT_PROJECT_VERSION = 1;
				DEVELOPMENT_ASSET_PATHS = "\"BMI Me/Preview Content\"";
				DEVELOPMENT_TEAM = 6Y7VSJ5XSR;
				ENABLE_PREVIEWS = YES;
				GENERATE_INFOPLIST_FILE = YES;
				INFOPLIST_KEY_UIApplicationSceneManifest_Generation = YES;
				INFOPLIST_KEY_UIApplicationSupportsIndirectInputEvents = YES;
				INFOPLIST_KEY_UILaunchScreen_Generation = YES;
				INFOPLIST_KEY_UISupportedInterfaceOrientations_iPad = "UIInterfaceOrientationPortrait UIInterfaceOrientationPortraitUpsideDown UIInterfaceOrientationLandscapeLeft UIInterfaceOrientationLandscapeRight";
				INFOPLIST_KEY_UISupportedInterfaceOrientations_iPhone = "UIInterfaceOrientationPortrait UIInterfaceOrientationLandscapeLeft UIInterfaceOrientationLandscapeRight";
				LD_RUNPATH_SEARCH_PATHS = (
					"$(inherited)",
					"@executable_path/Frameworks",
				);
				MARKETING_VERSION = 1.0;
				PRODUCT_BUNDLE_IDENTIFIER = "jonathanvieri.BMI-Me";
				PRODUCT_NAME = "$(TARGET_NAME)";
				SWIFT_EMIT_LOC_STRINGS = YES;
				SWIFT_VERSION = 5.0;
				TARGETED_DEVICE_FAMILY = "1,2";
			};
			name = Release;
		};
/* End XCBuildConfiguration section */

/* Begin XCConfigurationList section */
		A7E919F328A3AB2100FE4DD2 /* Build configuration list for PBXProject "BMI Me" */ = {
			isa = XCConfigurationList;
			buildConfigurations = (
				A7E91A0428A3AB2200FE4DD2 /* Debug */,
				A7E91A0528A3AB2200FE4DD2 /* Release */,
			);
			defaultConfigurationIsVisible = 0;
			defaultConfigurationName = Release;
		};
		A7E91A0628A3AB2200FE4DD2 /* Build configuration list for PBXNativeTarget "BMI Me" */ = {
			isa = XCConfigurationList;
			buildConfigurations = (
				A7E91A0728A3AB2200FE4DD2 /* Debug */,
				A7E91A0828A3AB2200FE4DD2 /* Release */,
			);
			defaultConfigurationIsVisible = 0;
			defaultConfigurationName = Release;
		};
/* End XCConfigurationList section */
	};
	rootObject = A7E919F028A3AB2100FE4DD2 /* Project object */;
}
